
Microsoft Visual Studio Solution File, Format Version 12.00
# Visual Studio Version 17
VisualStudioVersion = 17.1.32319.34
MinimumVisualStudioVersion = 10.0.40219.1
Project("{9A19103F-16F7-4668-BE54-9A1E7A4F7556}") = "GingerPACTPluginTest", "GingerPACTPluginTest\GingerPACTPluginTest.csproj", "{41F673A3-11B0-4D70-B638-76C7CAF59272}"
EndProject
Project("{9A19103F-16F7-4668-BE54-9A1E7A4F7556}") = "GingerPACTPluginConsole", "GingerPACTPluginConsole\GingerPACTPluginConsole.csproj", "{7DCA52A3-863F-4D53-9EAF-453318493D13}"
EndProject
Project("{FAE04EC0-301F-11D3-BF4B-00C04F79EFBC}") = "GingerPACTPluginCommon", "GingerPACTPluginCommon\GingerPACTPluginCommon.csproj", "{B7FDAEF9-B636-40BB-80CF-0344F7609806}"
EndProject
Project("{9A19103F-16F7-4668-BE54-9A1E7A4F7556}") = "GingerPACTPluginUI", "GingerPACTPluginUI\GingerPACTPluginUI.csproj", "{532BD628-5D00-465A-8D4C-B8940283A653}"
EndProject
Project("{9A19103F-16F7-4668-BE54-9A1E7A4F7556}") = "GingerPACTPluginUITest", "GingerPACTPluginUITest\GingerPACTPluginUITest.csproj", "{D571B136-51CC-419E-B855-9E7D84CD3F38}"
EndProject
Global
	GlobalSection(SolutionConfigurationPlatforms) = preSolution
		Debug|Any CPU = Debug|Any CPU
		Release|Any CPU = Release|Any CPU
	EndGlobalSection
	GlobalSection(ProjectConfigurationPlatforms) = postSolution
		{41F673A3-11B0-4D70-B638-76C7CAF59272}.Debug|Any CPU.ActiveCfg = Debug|Any CPU
		{41F673A3-11B0-4D70-B638-76C7CAF59272}.Debug|Any CPU.Build.0 = Debug|Any CPU
		{41F673A3-11B0-4D70-B638-76C7CAF59272}.Release|Any CPU.ActiveCfg = Release|Any CPU
		{41F673A3-11B0-4D70-B638-76C7CAF59272}.Release|Any CPU.Build.0 = Release|Any CPU
		{7DCA52A3-863F-4D53-9EAF-453318493D13}.Debug|Any CPU.ActiveCfg = Debug|Any CPU
		{7DCA52A3-863F-4D53-9EAF-453318493D13}.Debug|Any CPU.Build.0 = Debug|Any CPU
		{7DCA52A3-863F-4D53-9EAF-453318493D13}.Release|Any CPU.ActiveCfg = Release|Any CPU
		{7DCA52A3-863F-4D53-9EAF-453318493D13}.Release|Any CPU.Build.0 = Release|Any CPU
		{B7FDAEF9-B636-40BB-80CF-0344F7609806}.Debug|Any CPU.ActiveCfg = Debug|Any CPU
		{B7FDAEF9-B636-40BB-80CF-0344F7609806}.Debug|Any CPU.Build.0 = Debug|Any CPU
		{B7FDAEF9-B636-40BB-80CF-0344F7609806}.Release|Any CPU.ActiveCfg = Release|Any CPU
		{B7FDAEF9-B636-40BB-80CF-0344F7609806}.Release|Any CPU.Build.0 = Release|Any CPU
		{532BD628-5D00-465A-8D4C-B8940283A653}.Debug|Any CPU.ActiveCfg = Debug|Any CPU
		{532BD628-5D00-465A-8D4C-B8940283A653}.Debug|Any CPU.Build.0 = Debug|Any CPU
		{532BD628-5D00-465A-8D4C-B8940283A653}.Release|Any CPU.ActiveCfg = Release|Any CPU
		{532BD628-5D00-465A-8D4C-B8940283A653}.Release|Any CPU.Build.0 = Release|Any CPU
		{D571B136-51CC-419E-B855-9E7D84CD3F38}.Debug|Any CPU.ActiveCfg = Debug|Any CPU
		{D571B136-51CC-419E-B855-9E7D84CD3F38}.Debug|Any CPU.Build.0 = Debug|Any CPU
		{D571B136-51CC-419E-B855-9E7D84CD3F38}.Release|Any CPU.ActiveCfg = Release|Any CPU
		{D571B136-51CC-419E-B855-9E7D84CD3F38}.Release|Any CPU.Build.0 = Release|Any CPU
	EndGlobalSection
	GlobalSection(SolutionProperties) = preSolution
		HideSolutionNode = FALSE
	EndGlobalSection
	GlobalSection(ExtensibilityGlobals) = postSolution
		SolutionGuid = {CE8CD092-2226-461A-8DD4-D147E38E116E}
	EndGlobalSection
EndGlobal
